
Microsoft Visual Studio Solution File, Format Version 12.00
# Visual Studio Version 17
VisualStudioVersion = 17.1.32328.378
MinimumVisualStudioVersion = 10.0.40219.1
Project("{FAE04EC0-301F-11D3-BF4B-00C04F79EFBC}") = "GC CAR DEALERSHIP", "GC CAR DEALERSHIP\GC CAR DEALERSHIP.csproj", "{8CB8EF5A-D477-4A92-8F78-B63AB29B4FE9}"
EndProject
Global
	GlobalSection(SolutionConfigurationPlatforms) = preSolution
		Debug|Any CPU = Debug|Any CPU
		Release|Any CPU = Release|Any CPU
	EndGlobalSection
	GlobalSection(ProjectConfigurationPlatforms) = postSolution
		{8CB8EF5A-D477-4A92-8F78-B63AB29B4FE9}.Debug|Any CPU.ActiveCfg = Debug|Any CPU
		{8CB8EF5A-D477-4A92-8F78-B63AB29B4FE9}.Debug|Any CPU.Build.0 = Debug|Any CPU
		{8CB8EF5A-D477-4A92-8F78-B63AB29B4FE9}.Release|Any CPU.ActiveCfg = Release|Any CPU
		{8CB8EF5A-D477-4A92-8F78-B63AB29B4FE9}.Release|Any CPU.Build.0 = Release|Any CPU
	EndGlobalSection
	GlobalSection(SolutionProperties) = preSolution
		HideSolutionNode = FALSE
	EndGlobalSection
	GlobalSection(ExtensibilityGlobals) = postSolution
		SolutionGuid = {1D3F4F85-3B6A-477B-9302-18B86AB8083B}
	EndGlobalSection
EndGlobal
